
Microsoft Visual Studio Solution File, Format Version 12.00
# Visual Studio Version 17
VisualStudioVersion = 17.14.36301.6 d17.14
MinimumVisualStudioVersion = 10.0.40219.1
Project("{FAE04EC0-301F-11D3-BF4B-00C04F79EFBC}") = "Grilla", "Grilla.csproj", "{7B654214-3D9D-45E3-AFD5-7AFCAA181116}"
EndProject
Global
	GlobalSection(SolutionConfigurationPlatforms) = preSolution
		Debug|Any CPU = Debug|Any CPU
		Release|Any CPU = Release|Any CPU
	EndGlobalSection
	GlobalSection(ProjectConfigurationPlatforms) = postSolution
		{7B654214-3D9D-45E3-AFD5-7AFCAA181116}.Debug|Any CPU.ActiveCfg = Debug|Any CPU
		{7B654214-3D9D-45E3-AFD5-7AFCAA181116}.Debug|Any CPU.Build.0 = Debug|Any CPU
		{7B654214-3D9D-45E3-AFD5-7AFCAA181116}.Release|Any CPU.ActiveCfg = Release|Any CPU
		{7B654214-3D9D-45E3-AFD5-7AFCAA181116}.Release|Any CPU.Build.0 = Release|Any CPU
	EndGlobalSection
	GlobalSection(SolutionProperties) = preSolution
		HideSolutionNode = FALSE
	EndGlobalSection
	GlobalSection(ExtensibilityGlobals) = postSolution
		SolutionGuid = {D41FAD4D-A291-4ADC-B8DD-8372D0132E51}
	EndGlobalSection
EndGlobal
